
Microsoft Visual Studio Solution File, Format Version 12.00
# Visual Studio Version 17
VisualStudioVersion = 17.10.35122.118
MinimumVisualStudioVersion = 10.0.40219.1
Project("{FAE04EC0-301F-11D3-BF4B-00C04F79EFBC}") = "ExpenseTrackingAPI", "ExpenseTrackingAPI\ExpenseTrackingAPI.csproj", "{BE857EB4-8F6B-4739-8094-A5B070DDC6E7}"
EndProject
Project("{FAE04EC0-301F-11D3-BF4B-00C04F79EFBC}") = "ExpenseTrackingAPI.BRule", "ExpenseTrackingAPI.BRule\ExpenseTrackingAPI.BRule.csproj", "{8B8C3C8F-4FB6-4741-84B3-36F1F9880F48}"
EndProject
Project("{FAE04EC0-301F-11D3-BF4B-00C04F79EFBC}") = "ExpenseTrackingAPI.Models", "ExpenseTrackingAPI.Models\ExpenseTrackingAPI.Models.csproj", "{A148AADD-17C3-4180-BAFE-B2D15E4199F0}"
EndProject
Global
	GlobalSection(SolutionConfigurationPlatforms) = preSolution
		Debug|Any CPU = Debug|Any CPU
		Release|Any CPU = Release|Any CPU
	EndGlobalSection
	GlobalSection(ProjectConfigurationPlatforms) = postSolution
		{BE857EB4-8F6B-4739-8094-A5B070DDC6E7}.Debug|Any CPU.ActiveCfg = Debug|Any CPU
		{BE857EB4-8F6B-4739-8094-A5B070DDC6E7}.Debug|Any CPU.Build.0 = Debug|Any CPU
		{BE857EB4-8F6B-4739-8094-A5B070DDC6E7}.Release|Any CPU.ActiveCfg = Release|Any CPU
		{BE857EB4-8F6B-4739-8094-A5B070DDC6E7}.Release|Any CPU.Build.0 = Release|Any CPU
		{8B8C3C8F-4FB6-4741-84B3-36F1F9880F48}.Debug|Any CPU.ActiveCfg = Debug|Any CPU
		{8B8C3C8F-4FB6-4741-84B3-36F1F9880F48}.Debug|Any CPU.Build.0 = Debug|Any CPU
		{8B8C3C8F-4FB6-4741-84B3-36F1F9880F48}.Release|Any CPU.ActiveCfg = Release|Any CPU
		{8B8C3C8F-4FB6-4741-84B3-36F1F9880F48}.Release|Any CPU.Build.0 = Release|Any CPU
		{A148AADD-17C3-4180-BAFE-B2D15E4199F0}.Debug|Any CPU.ActiveCfg = Debug|Any CPU
		{A148AADD-17C3-4180-BAFE-B2D15E4199F0}.Debug|Any CPU.Build.0 = Debug|Any CPU
		{A148AADD-17C3-4180-BAFE-B2D15E4199F0}.Release|Any CPU.ActiveCfg = Release|Any CPU
		{A148AADD-17C3-4180-BAFE-B2D15E4199F0}.Release|Any CPU.Build.0 = Release|Any CPU
	EndGlobalSection
	GlobalSection(SolutionProperties) = preSolution
		HideSolutionNode = FALSE
	EndGlobalSection
	GlobalSection(ExtensibilityGlobals) = postSolution
		SolutionGuid = {0F45E9C8-C794-49D8-A6DC-226C3B248ECC}
	EndGlobalSection
EndGlobal
